// !$*UTF8*$!
{
	archiveVersion = 1;
	classes = {
	};
	objectVersion = 56;
	objects = {

/* Begin PBXBuildFile section */
		1D8F365B2B1C208C003B99E7 /* MyCamera5App.swift in Sources */ = {isa = PBXBuildFile; fileRef = 1D8F365A2B1C208C003B99E7 /* MyCamera5App.swift */; };
		1D8F365D2B1C208C003B99E7 /* ContentView.swift in Sources */ = {isa = PBXBuildFile; fileRef = 1D8F365C2B1C208C003B99E7 /* ContentView.swift */; };
		1D8F365F2B1C208E003B99E7 /* Assets.xcassets in Resources */ = {isa = PBXBuildFile; fileRef = 1D8F365E2B1C208E003B99E7 /* Assets.xcassets */; };
		1D8F36622B1C208E003B99E7 /* Preview Assets.xcassets in Resources */ = {isa = PBXBuildFile; fileRef = 1D8F36612B1C208E003B99E7 /* Preview Assets.xcassets */; };
		1D8F366C2B1C208F003B99E7 /* MyCamera5Tests.swift in Sources */ = {isa = PBXBuildFile; fileRef = 1D8F366B2B1C208F003B99E7 /* MyCamera5Tests.swift */; };
		1D8F36762B1C208F003B99E7 /* MyCamera5UITests.swift in Sources */ = {isa = PBXBuildFile; fileRef = 1D8F36752B1C208F003B99E7 /* MyCamera5UITests.swift */; };
		1D8F36782B1C208F003B99E7 /* MyCamera5UITestsLaunchTests.swift in Sources */ = {isa = PBXBuildFile; fileRef = 1D8F36772B1C208F003B99E7 /* MyCamera5UITestsLaunchTests.swift */; };
		1D8F36852B1C20EF003B99E7 /* ImagePickerView.swift in Sources */ = {isa = PBXBuildFile; fileRef = 1D8F36842B1C20EF003B99E7 /* ImagePickerView.swift */; };
/* End PBXBuildFile section */

/* Begin PBXContainerItemProxy section */
		1D8F36682B1C208E003B99E7 /* PBXContainerItemProxy */ = {
			isa = PBXContainerItemProxy;
			containerPortal = 1D8F364F2B1C208C003B99E7 /* Project object */;
			proxyType = 1;
			remoteGlobalIDString = 1D8F36562B1C208C003B99E7;
			remoteInfo = MyCamera5;
		};
		1D8F36722B1C208F003B99E7 /* PBXContainerItemProxy */ = {
			isa = PBXContainerItemProxy;
			containerPortal = 1D8F364F2B1C208C003B99E7 /* Project object */;
			proxyType = 1;
			remoteGlobalIDString = 1D8F36562B1C208C003B99E7;
			remoteInfo = MyCamera5;
		};
/* End PBXContainerItemProxy section */

/* Begin PBXFileReference section */
		1D8F36572B1C208C003B99E7 /* MyCamera5.app */ = {isa = PBXFileReference; explicitFileType = wrapper.application; includeInIndex = 0; path = MyCamera5.app; sourceTree = BUILT_PRODUCTS_DIR; };
		1D8F365A2B1C208C003B99E7 /* MyCamera5App.swift */ = {isa = PBXFileReference; lastKnownFileType = sourcecode.swift; path = MyCamera5App.swift; sourceTree = "<group>"; };
		1D8F365C2B1C208C003B99E7 /* ContentView.swift */ = {isa = PBXFileReference; lastKnownFileType = sourcecode.swift; path = ContentView.swift; sourceTree = "<group>"; };
		1D8F365E2B1C208E003B99E7 /* Assets.xcassets */ = {isa = PBXFileReference; lastKnownFileType = folder.assetcatalog; path = Assets.xcassets; sourceTree = "<group>"; };
		1D8F36612B1C208E003B99E7 /* Preview Assets.xcassets */ = {isa = PBXFileReference; lastKnownFileType = folder.assetcatalog; path = "Preview Assets.xcassets"; sourceTree = "<group>"; };
		1D8F36672B1C208E003B99E7 /* MyCamera5Tests.xctest */ = {isa = PBXFileReference; explicitFileType = wrapper.cfbundle; includeInIndex = 0; path = MyCamera5Tests.xctest; sourceTree = BUILT_PRODUCTS_DIR; };
		1D8F366B2B1C208F003B99E7 /* MyCamera5Tests.swift */ = {isa = PBXFileReference; lastKnownFileType = sourcecode.swift; path = MyCamera5Tests.swift; sourceTree = "<group>"; };
		1D8F36712B1C208F003B99E7 /* MyCamera5UITests.xctest */ = {isa = PBXFileReference; explicitFileType = wrapper.cfbundle; includeInIndex = 0; path = MyCamera5UITests.xctest; sourceTree = BUILT_PRODUCTS_DIR; };
		1D8F36752B1C208F003B99E7 /* MyCamera5UITests.swift */ = {isa = PBXFileReference; lastKnownFileType = sourcecode.swift; path = MyCamera5UITests.swift; sourceTree = "<group>"; };
		1D8F36772B1C208F003B99E7 /* MyCamera5UITestsLaunchTests.swift */ = {isa = PBXFileReference; lastKnownFileType = sourcecode.swift; path = MyCamera5UITestsLaunchTests.swift; sourceTree = "<group>"; };
		1D8F36842B1C20EF003B99E7 /* ImagePickerView.swift */ = {isa = PBXFileReference; lastKnownFileType = sourcecode.swift; path = ImagePickerView.swift; sourceTree = "<group>"; };
/* End PBXFileReference section */

/* Begin PBXFrameworksBuildPhase section */
		1D8F36542B1C208C003B99E7 /* Frameworks */ = {
			isa = PBXFrameworksBuildPhase;
			buildActionMask = 2147483647;
			files = (
			);
			runOnlyForDeploymentPostprocessing = 0;
		};
		1D8F36642B1C208E003B99E7 /* Frameworks */ = {
			isa = PBXFrameworksBuildPhase;
			buildActionMask = 2147483647;
			files = (
			);
			runOnlyForDeploymentPostprocessing = 0;
		};
		1D8F366E2B1C208F003B99E7 /* Frameworks */ = {
			isa = PBXFrameworksBuildPhase;
			buildActionMask = 2147483647;
			files = (
			);
			runOnlyForDeploymentPostprocessing = 0;
		};
/* End PBXFrameworksBuildPhase section */

/* Begin PBXGroup section */
		1D8F364E2B1C208C003B99E7 = {
			isa = PBXGroup;
			children = (
				1D8F36592B1C208C003B99E7 /* MyCamera5 */,
				1D8F366A2B1C208E003B99E7 /* MyCamera5Tests */,
				1D8F36742B1C208F003B99E7 /* MyCamera5UITests */,
				1D8F36582B1C208C003B99E7 /* Products */,
			);
			sourceTree = "<group>";
		};
		1D8F36582B1C208C003B99E7 /* Products */ = {
			isa = PBXGroup;
			children = (
				1D8F36572B1C208C003B99E7 /* MyCamera5.app */,
				1D8F36672B1C208E003B99E7 /* MyCamera5Tests.xctest */,
				1D8F36712B1C208F003B99E7 /* MyCamera5UITests.xctest */,
			);
			name = Products;
			sourceTree = "<group>";
		};
		1D8F36592B1C208C003B99E7 /* MyCamera5 */ = {
			isa = PBXGroup;
			children = (
				1D8F365A2B1C208C003B99E7 /* MyCamera5App.swift */,
				1D8F365C2B1C208C003B99E7 /* ContentView.swift */,
				1D8F36842B1C20EF003B99E7 /* ImagePickerView.swift */,
				1D8F365E2B1C208E003B99E7 /* Assets.xcassets */,
				1D8F36602B1C208E003B99E7 /* Preview Content */,
			);
			path = MyCamera5;
			sourceTree = "<group>";
		};
		1D8F36602B1C208E003B99E7 /* Preview Content */ = {
			isa = PBXGroup;
			children = (
				1D8F36612B1C208E003B99E7 /* Preview Assets.xcassets */,
			);
			path = "Preview Content";
			sourceTree = "<group>";
		};
		1D8F366A2B1C208E003B99E7 /* MyCamera5Tests */ = {
			isa = PBXGroup;
			children = (
				1D8F366B2B1C208F003B99E7 /* MyCamera5Tests.swift */,
			);
			path = MyCamera5Tests;
			sourceTree = "<group>";
		};
		1D8F36742B1C208F003B99E7 /* MyCamera5UITests */ = {
			isa = PBXGroup;
			children = (
				1D8F36752B1C208F003B99E7 /* MyCamera5UITests.swift */,
				1D8F36772B1C208F003B99E7 /* MyCamera5UITestsLaunchTests.swift */,
			);
			path = MyCamera5UITests;
			sourceTree = "<group>";
		};
/* End PBXGroup section */

/* Begin PBXNativeTarget section */
		1D8F36562B1C208C003B99E7 /* MyCamera5 */ = {
			isa = PBXNativeTarget;
			buildConfigurationList = 1D8F367B2B1C208F003B99E7 /* Build configuration list for PBXNativeTarget "MyCamera5" */;
			buildPhases = (
				1D8F36532B1C208C003B99E7 /* Sources */,
				1D8F36542B1C208C003B99E7 /* Frameworks */,
				1D8F36552B1C208C003B99E7 /* Resources */,
			);
			buildRules = (
			);
			dependencies = (
			);
			name = MyCamera5;
			productName = MyCamera5;
			productReference = 1D8F36572B1C208C003B99E7 /* MyCamera5.app */;
			productType = "com.apple.product-type.application";
		};
		1D8F36662B1C208E003B99E7 /* MyCamera5Tests */ = {
			isa = PBXNativeTarget;
			buildConfigurationList = 1D8F367E2B1C208F003B99E7 /* Build configuration list for PBXNativeTarget "MyCamera5Tests" */;
			buildPhases = (
				1D8F36632B1C208E003B99E7 /* Sources */,
				1D8F36642B1C208E003B99E7 /* Frameworks */,
				1D8F36652B1C208E003B99E7 /* Resources */,
			);
			buildRules = (
			);
			dependencies = (
				1D8F36692B1C208E003B99E7 /* PBXTargetDependency */,
			);
			name = MyCamera5Tests;
			productName = MyCamera5Tests;
			productReference = 1D8F36672B1C208E003B99E7 /* MyCamera5Tests.xctest */;
			productType = "com.apple.product-type.bundle.unit-test";
		};
		1D8F36702B1C208F003B99E7 /* MyCamera5UITests */ = {
			isa = PBXNativeTarget;
			buildConfigurationList = 1D8F36812B1C208F003B99E7 /* Build configuration list for PBXNativeTarget "MyCamera5UITests" */;
			buildPhases = (
				1D8F366D2B1C208F003B99E7 /* Sources */,
				1D8F366E2B1C208F003B99E7 /* Frameworks */,
				1D8F366F2B1C208F003B99E7 /* Resources */,
			);
			buildRules = (
			);
			dependencies = (
				1D8F36732B1C208F003B99E7 /* PBXTargetDependency */,
			);
			name = MyCamera5UITests;
			productName = MyCamera5UITests;
			productReference = 1D8F36712B1C208F003B99E7 /* MyCamera5UITests.xctest */;
			productType = "com.apple.product-type.bundle.ui-testing";
		};
/* End PBXNativeTarget section */

/* Begin PBXProject section */
		1D8F364F2B1C208C003B99E7 /* Project object */ = {
			isa = PBXProject;
			attributes = {
				BuildIndependentTargetsInParallel = 1;
				LastSwiftUpdateCheck = 1500;
				LastUpgradeCheck = 1500;
				TargetAttributes = {
					1D8F36562B1C208C003B99E7 = {
						CreatedOnToolsVersion = 15.0.1;
					};
					1D8F36662B1C208E003B99E7 = {
						CreatedOnToolsVersion = 15.0.1;
						TestTargetID = 1D8F36562B1C208C003B99E7;
					};
					1D8F36702B1C208F003B99E7 = {
						CreatedOnToolsVersion = 15.0.1;
						TestTargetID = 1D8F36562B1C208C003B99E7;
					};
				};
			};
			buildConfigurationList = 1D8F36522B1C208C003B99E7 /* Build configuration list for PBXProject "MyCamera5" */;
			compatibilityVersion = "Xcode 14.0";
			developmentRegion = en;
			hasScannedForEncodings = 0;
			knownRegions = (
				en,
				Base,
			);
			mainGroup = 1D8F364E2B1C208C003B99E7;
			productRefGroup = 1D8F36582B1C208C003B99E7 /* Products */;
			projectDirPath = "";
			projectRoot = "";
			targets = (
				1D8F36562B1C208C003B99E7 /* MyCamera5 */,
				1D8F36662B1C208E003B99E7 /* MyCamera5Tests */,
				1D8F36702B1C208F003B99E7 /* MyCamera5UITests */,
			);
		};
/* End PBXProject section */

/* Begin PBXResourcesBuildPhase section */
		1D8F36552B1C208C003B99E7 /* Resources */ = {
			isa = PBXResourcesBuildPhase;
			buildActionMask = 2147483647;
			files = (
				1D8F36622B1C208E003B99E7 /* Preview Assets.xcassets in Resources */,
				1D8F365F2B1C208E003B99E7 /* Assets.xcassets in Resources */,
			);
			runOnlyForDeploymentPostprocessing = 0;
		};
		1D8F36652B1C208E003B99E7 /* Resources */ = {
			isa = PBXResourcesBuildPhase;
			buildActionMask = 2147483647;
			files = (
			);
			runOnlyForDeploymentPostprocessing = 0;
		};
		1D8F366F2B1C208F003B99E7 /* Resources */ = {
			isa = PBXResourcesBuildPhase;
			buildActionMask = 2147483647;
			files = (
			);
			runOnlyForDeploymentPostprocessing = 0;
		};
/* End PBXResourcesBuildPhase section */

/* Begin PBXSourcesBuildPhase section */
		1D8F36532B1C208C003B99E7 /* Sources */ = {
			isa = PBXSourcesBuildPhase;
			buildActionMask = 2147483647;
			files = (
				1D8F365D2B1C208C003B99E7 /* ContentView.swift in Sources */,
				1D8F36852B1C20EF003B99E7 /* ImagePickerView.swift in Sources */,
				1D8F365B2B1C208C003B99E7 /* MyCamera5App.swift in Sources */,
			);
			runOnlyForDeploymentPostprocessing = 0;
		};
		1D8F36632B1C208E003B99E7 /* Sources */ = {
			isa = PBXSourcesBuildPhase;
			buildActionMask = 2147483647;
			files = (
				1D8F366C2B1C208F003B99E7 /* MyCamera5Tests.swift in Sources */,
			);
			runOnlyForDeploymentPostprocessing = 0;
		};
		1D8F366D2B1C208F003B99E7 /* Sources */ = {
			isa = PBXSourcesBuildPhase;
			buildActionMask = 2147483647;
			files = (
				1D8F36762B1C208F003B99E7 /* MyCamera5UITests.swift in Sources */,
				1D8F36782B1C208F003B99E7 /* MyCamera5UITestsLaunchTests.swift in Sources */,
			);
			runOnlyForDeploymentPostprocessing = 0;
		};
/* End PBXSourcesBuildPhase section */

/* Begin PBXTargetDependency section */
		1D8F36692B1C208E003B99E7 /* PBXTargetDependency */ = {
			isa = PBXTargetDependency;
			target = 1D8F36562B1C208C003B99E7 /* MyCamera5 */;
			targetProxy = 1D8F36682B1C208E003B99E7 /* PBXContainerItemProxy */;
		};
		1D8F36732B1C208F003B99E7 /* PBXTargetDependency */ = {
			isa = PBXTargetDependency;
			target = 1D8F36562B1C208C003B99E7 /* MyCamera5 */;
			targetProxy = 1D8F36722B1C208F003B99E7 /* PBXContainerItemProxy */;
		};
/* End PBXTargetDependency section */

/* Begin XCBuildConfiguration section */
		1D8F36792B1C208F003B99E7 /* Debug */ = {
			isa = XCBuildConfiguration;
			buildSettings = {
				ALWAYS_SEARCH_USER_PATHS = NO;
				ASSETCATALOG_COMPILER_GENERATE_SWIFT_ASSET_SYMBOL_EXTENSIONS = YES;
				CLANG_ANALYZER_NONNULL = YES;
				CLANG_ANALYZER_NUMBER_OBJECT_CONVERSION = YES_AGGRESSIVE;
				CLANG_CXX_LANGUAGE_STANDARD = "gnu++20";
				CLANG_ENABLE_MODULES = YES;
				CLANG_ENABLE_OBJC_ARC = YES;
				CLANG_ENABLE_OBJC_WEAK = YES;
				CLANG_WARN_BLOCK_CAPTURE_AUTORELEASING = YES;
				CLANG_WARN_BOOL_CONVERSION = YES;
				CLANG_WARN_COMMA = YES;
				CLANG_WARN_CONSTANT_CONVERSION = YES;
				CLANG_WARN_DEPRECATED_OBJC_IMPLEMENTATIONS = YES;
				CLANG_WARN_DIRECT_OBJC_ISA_USAGE = YES_ERROR;
				CLANG_WARN_DOCUMENTATION_COMMENTS = YES;
				CLANG_WARN_EMPTY_BODY = YES;
				CLANG_WARN_ENUM_CONVERSION = YES;
				CLANG_WARN_INFINITE_RECURSION = YES;
				CLANG_WARN_INT_CONVERSION = YES;
				CLANG_WARN_NON_LITERAL_NULL_CONVERSION = YES;
				CLANG_WARN_OBJC_IMPLICIT_RETAIN_SELF = YES;
				CLANG_WARN_OBJC_LITERAL_CONVERSION = YES;
				CLANG_WARN_OBJC_ROOT_CLASS = YES_ERROR;
				CLANG_WARN_QUOTED_INCLUDE_IN_FRAMEWORK_HEADER = YES;
				CLANG_WARN_RANGE_LOOP_ANALYSIS = YES;
				CLANG_WARN_STRICT_PROTOTYPES = YES;
				CLANG_WARN_SUSPICIOUS_MOVE = YES;
				CLANG_WARN_UNGUARDED_AVAILABILITY = YES_AGGRESSIVE;
				CLANG_WARN_UNREACHABLE_CODE = YES;
				CLANG_WARN__DUPLICATE_METHOD_MATCH = YES;
				COPY_PHASE_STRIP = NO;
				DEBUG_INFORMATION_FORMAT = dwarf;
				ENABLE_STRICT_OBJC_MSGSEND = YES;
				ENABLE_TESTABILITY = YES;
				ENABLE_USER_SCRIPT_SANDBOXING = YES;
				GCC_C_LANGUAGE_STANDARD = gnu17;
				GCC_DYNAMIC_NO_PIC = NO;
				GCC_NO_COMMON_BLOCKS = YES;
				GCC_OPTIMIZATION_LEVEL = 0;
				GCC_PREPROCESSOR_DEFINITIONS = (
					"DEBUG=1",
					"$(inherited)",
				);
				GCC_WARN_64_TO_32_BIT_CONVERSION = YES;
				GCC_WARN_ABOUT_RETURN_TYPE = YES_ERROR;
				GCC_WARN_UNDECLARED_SELECTOR = YES;
				GCC_WARN_UNINITIALIZED_AUTOS = YES_AGGRESSIVE;
				GCC_WARN_UNUSED_FUNCTION = YES;
				GCC_WARN_UNUSED_VARIABLE = YES;
				IPHONEOS_DEPLOYMENT_TARGET = 17.0;
				LOCALIZATION_PREFERS_STRING_CATALOGS = YES;
				MTL_ENABLE_DEBUG_INFO = INCLUDE_SOURCE;
				MTL_FAST_MATH = YES;
				ONLY_ACTIVE_ARCH = YES;
				SDKROOT = iphoneos;
				SWIFT_ACTIVE_COMPILATION_CONDITIONS = "DEBUG $(inherited)";
				SWIFT_OPTIMIZATION_LEVEL = "-Onone";
			};
			name = Debug;
		};
		1D8F367A2B1C208F003B99E7 /* Release */ = {
			isa = XCBuildConfiguration;
			buildSettings = {
				ALWAYS_SEARCH_USER_PATHS = NO;
				ASSETCATALOG_COMPILER_GENERATE_SWIFT_ASSET_SYMBOL_EXTENSIONS = YES;
				CLANG_ANALYZER_NONNULL = YES;
				CLANG_ANALYZER_NUMBER_OBJECT_CONVERSION = YES_AGGRESSIVE;
				CLANG_CXX_LANGUAGE_STANDARD = "gnu++20";
				CLANG_ENABLE_MODULES = YES;
				CLANG_ENABLE_OBJC_ARC = YES;
				CLANG_ENABLE_OBJC_WEAK = YES;
				CLANG_WARN_BLOCK_CAPTURE_AUTORELEASING = YES;
				CLANG_WARN_BOOL_CONVERSION = YES;
				CLANG_WARN_COMMA = YES;
				CLANG_WARN_CONSTANT_CONVERSION = YES;
				CLANG_WARN_DEPRECATED_OBJC_IMPLEMENTATIONS = YES;
				CLANG_WARN_DIRECT_OBJC_ISA_USAGE = YES_ERROR;
				CLANG_WARN_DOCUMENTATION_COMMENTS = YES;
				CLANG_WARN_EMPTY_BODY = YES;
				CLANG_WARN_ENUM_CONVERSION = YES;
				CLANG_WARN_INFINITE_RECURSION = YES;
				CLANG_WARN_INT_CONVERSION = YES;
				CLANG_WARN_NON_LITERAL_NULL_CONVERSION = YES;
				CLANG_WARN_OBJC_IMPLICIT_RETAIN_SELF = YES;
				CLANG_WARN_OBJC_LITERAL_CONVERSION = YES;
				CLANG_WARN_OBJC_ROOT_CLASS = YES_ERROR;
				CLANG_WARN_QUOTED_INCLUDE_IN_FRAMEWORK_HEADER = YES;
				CLANG_WARN_RANGE_LOOP_ANALYSIS = YES;
				CLANG_WARN_STRICT_PROTOTYPES = YES;
				CLANG_WARN_SUSPICIOUS_MOVE = YES;
				CLANG_WARN_UNGUARDED_AVAILABILITY = YES_AGGRESSIVE;
				CLANG_WARN_UNREACHABLE_CODE = YES;
				CLANG_WARN__DUPLICATE_METHOD_MATCH = YES;
				COPY_PHASE_STRIP = NO;
				DEBUG_INFORMATION_FORMAT = "dwarf-with-dsym";
				ENABLE_NS_ASSERTIONS = NO;
				ENABLE_STRICT_OBJC_MSGSEND = YES;
				ENABLE_USER_SCRIPT_SANDBOXING = YES;
				GCC_C_LANGUAGE_STANDARD = gnu17;
				GCC_NO_COMMON_BLOCKS = YES;
				GCC_WARN_64_TO_32_BIT_CONVERSION = YES;
				GCC_WARN_ABOUT_RETURN_TYPE = YES_ERROR;
				GCC_WARN_UNDECLARED_SELECTOR = YES;
				GCC_WARN_UNINITIALIZED_AUTOS = YES_AGGRESSIVE;
				GCC_WARN_UNUSED_FUNCTION = YES;
				GCC_WARN_UNUSED_VARIABLE = YES;
				IPHONEOS_DEPLOYMENT_TARGET = 17.0;
				LOCALIZATION_PREFERS_STRING_CATALOGS = YES;
				MTL_ENABLE_DEBUG_INFO = NO;
				MTL_FAST_MATH = YES;
				SDKROOT = iphoneos;
				SWIFT_COMPILATION_MODE = wholemodule;
				VALIDATE_PRODUCT = YES;
			};
			name = Release;
		};
		1D8F367C2B1C208F003B99E7 /* Debug */ = {
			isa = XCBuildConfiguration;
			buildSettings = {
				ASSETCATALOG_COMPILER_APPICON_NAME = AppIcon;
				ASSETCATALOG_COMPILER_GLOBAL_ACCENT_COLOR_NAME = AccentColor;
				CODE_SIGN_STYLE = Automatic;
				CURRENT_PROJECT_VERSION = 1;
				DEVELOPMENT_ASSET_PATHS = "\"MyCamera5/Preview Content\"";
				ENABLE_PREVIEWS = YES;
				GENERATE_INFOPLIST_FILE = YES;
				INFOPLIST_KEY_NSCameraUsageDescription = "写真を撮影するためにカメラを利用します。";
				INFOPLIST_KEY_NSPhotoLibraryAddUsageDescription = "撮影した写真の保存に利用します。";
				INFOPLIST_KEY_UIApplicationSceneManifest_Generation = YES;
				INFOPLIST_KEY_UIApplicationSupportsIndirectInputEvents = YES;
				INFOPLIST_KEY_UILaunchScreen_Generation = YES;
				INFOPLIST_KEY_UISupportedInterfaceOrientations_iPad = "UIInterfaceOrientationPortrait UIInterfaceOrientationPortraitUpsideDown UIInterfaceOrientationLandscapeLeft UIInterfaceOrientationLandscapeRight";
				INFOPLIST_KEY_UISupportedInterfaceOrientations_iPhone = "UIInterfaceOrientationPortrait UIInterfaceOrientationLandscapeLeft UIInterfaceOrientationLandscapeRight";
				LD_RUNPATH_SEARCH_PATHS = (
					"$(inherited)",
					"@executable_path/Frameworks",
				);
				MARKETING_VERSION = 1.0;
				PRODUCT_BUNDLE_IDENTIFIER = com.kakutagawa.MyCamera5;
				PRODUCT_NAME = "$(TARGET_NAME)";
				SWIFT_EMIT_LOC_STRINGS = YES;
				SWIFT_VERSION = 5.0;
				TARGETED_DEVICE_FAMILY = "1,2";
			};
			name = Debug;
		};
		1D8F367D2B1C208F003B99E7 /* Release */ = {
			isa = XCBuildConfiguration;
			buildSettings = {
				ASSETCATALOG_COMPILER_APPICON_NAME = AppIcon;
				ASSETCATALOG_COMPILER_GLOBAL_ACCENT_COLOR_NAME = AccentColor;
				CODE_SIGN_STYLE = Automatic;
				CURRENT_PROJECT_VERSION = 1;
				DEVELOPMENT_ASSET_PATHS = "\"MyCamera5/Preview Content\"";
				ENABLE_PREVIEWS = YES;
				GENERATE_INFOPLIST_FILE = YES;
				INFOPLIST_KEY_NSCameraUsageDescription = "写真を撮影するためにカメラを利用します。";
				INFOPLIST_KEY_NSPhotoLibraryAddUsageDescription = "撮影した写真の保存に利用します。";
				INFOPLIST_KEY_UIApplicationSceneManifest_Generation = YES;
				INFOPLIST_KEY_UIApplicationSupportsIndirectInputEvents = YES;
				INFOPLIST_KEY_UILaunchScreen_Generation = YES;
				INFOPLIST_KEY_UISupportedInterfaceOrientations_iPad = "UIInterfaceOrientationPortrait UIInterfaceOrientationPortraitUpsideDown UIInterfaceOrientationLandscapeLeft UIInterfaceOrientationLandscapeRight";
				INFOPLIST_KEY_UISupportedInterfaceOrientations_iPhone = "UIInterfaceOrientationPortrait UIInterfaceOrientationLandscapeLeft UIInterfaceOrientationLandscapeRight";
				LD_RUNPATH_SEARCH_PATHS = (
					"$(inherited)",
					"@executable_path/Frameworks",
				);
				MARKETING_VERSION = 1.0;
				PRODUCT_BUNDLE_IDENTIFIER = com.kakutagawa.MyCamera5;
				PRODUCT_NAME = "$(TARGET_NAME)";
				SWIFT_EMIT_LOC_STRINGS = YES;
				SWIFT_VERSION = 5.0;
				TARGETED_DEVICE_FAMILY = "1,2";
			};
			name = Release;
		};
		1D8F367F2B1C208F003B99E7 /* Debug */ = {
			isa = XCBuildConfiguration;
			buildSettings = {
				ALWAYS_EMBED_SWIFT_STANDARD_LIBRARIES = YES;
				BUNDLE_LOADER = "$(TEST_HOST)";
				CODE_SIGN_STYLE = Automatic;
				CURRENT_PROJECT_VERSION = 1;
				GENERATE_INFOPLIST_FILE = YES;
				IPHONEOS_DEPLOYMENT_TARGET = 17.0;
				MARKETING_VERSION = 1.0;
				PRODUCT_BUNDLE_IDENTIFIER = com.kakutagawa.MyCamera5Tests;
				PRODUCT_NAME = "$(TARGET_NAME)";
				SWIFT_EMIT_LOC_STRINGS = NO;
				SWIFT_VERSION = 5.0;
				TARGETED_DEVICE_FAMILY = "1,2";
				TEST_HOST = "$(BUILT_PRODUCTS_DIR)/MyCamera5.app/$(BUNDLE_EXECUTABLE_FOLDER_PATH)/MyCamera5";
			};
			name = Debug;
		};
		1D8F36802B1C208F003B99E7 /* Release */ = {
			isa = XCBuildConfiguration;
			buildSettings = {
				ALWAYS_EMBED_SWIFT_STANDARD_LIBRARIES = YES;
				BUNDLE_LOADER = "$(TEST_HOST)";
				CODE_SIGN_STYLE = Automatic;
				CURRENT_PROJECT_VERSION = 1;
				GENERATE_INFOPLIST_FILE = YES;
				IPHONEOS_DEPLOYMENT_TARGET = 17.0;
				MARKETING_VERSION = 1.0;
				PRODUCT_BUNDLE_IDENTIFIER = com.kakutagawa.MyCamera5Tests;
				PRODUCT_NAME = "$(TARGET_NAME)";
				SWIFT_EMIT_LOC_STRINGS = NO;
				SWIFT_VERSION = 5.0;
				TARGETED_DEVICE_FAMILY = "1,2";
				TEST_HOST = "$(BUILT_PRODUCTS_DIR)/MyCamera5.app/$(BUNDLE_EXECUTABLE_FOLDER_PATH)/MyCamera5";
			};
			name = Release;
		};
		1D8F36822B1C208F003B99E7 /* Debug */ = {
			isa = XCBuildConfiguration;
			buildSettings = {
				ALWAYS_EMBED_SWIFT_STANDARD_LIBRARIES = YES;
				CODE_SIGN_STYLE = Automatic;
				CURRENT_PROJECT_VERSION = 1;
				GENERATE_INFOPLIST_FILE = YES;
				MARKETING_VERSION = 1.0;
				PRODUCT_BUNDLE_IDENTIFIER = com.kakutagawa.MyCamera5UITests;
				PRODUCT_NAME = "$(TARGET_NAME)";
				SWIFT_EMIT_LOC_STRINGS = NO;
				SWIFT_VERSION = 5.0;
				TARGETED_DEVICE_FAMILY = "1,2";
				TEST_TARGET_NAME = MyCamera5;
			};
			name = Debug;
		};
		1D8F36832B1C208F003B99E7 /* Release */ = {
			isa = XCBuildConfiguration;
			buildSettings = {
				ALWAYS_EMBED_SWIFT_STANDARD_LIBRARIES = YES;
				CODE_SIGN_STYLE = Automatic;
				CURRENT_PROJECT_VERSION = 1;
				GENERATE_INFOPLIST_FILE = YES;
				MARKETING_VERSION = 1.0;
				PRODUCT_BUNDLE_IDENTIFIER = com.kakutagawa.MyCamera5UITests;
				PRODUCT_NAME = "$(TARGET_NAME)";
				SWIFT_EMIT_LOC_STRINGS = NO;
				SWIFT_VERSION = 5.0;
				TARGETED_DEVICE_FAMILY = "1,2";
				TEST_TARGET_NAME = MyCamera5;
			};
			name = Release;
		};
/* End XCBuildConfiguration section */

/* Begin XCConfigurationList section */
		1D8F36522B1C208C003B99E7 /* Build configuration list for PBXProject "MyCamera5" */ = {
			isa = XCConfigurationList;
			buildConfigurations = (
				1D8F36792B1C208F003B99E7 /* Debug */,
				1D8F367A2B1C208F003B99E7 /* Release */,
			);
			defaultConfigurationIsVisible = 0;
			defaultConfigurationName = Release;
		};
		1D8F367B2B1C208F003B99E7 /* Build configuration list for PBXNativeTarget "MyCamera5" */ = {
			isa = XCConfigurationList;
			buildConfigurations = (
				1D8F367C2B1C208F003B99E7 /* Debug */,
				1D8F367D2B1C208F003B99E7 /* Release */,
			);
			defaultConfigurationIsVisible = 0;
			defaultConfigurationName = Release;
		};
		1D8F367E2B1C208F003B99E7 /* Build configuration list for PBXNativeTarget "MyCamera5Tests" */ = {
			isa = XCConfigurationList;
			buildConfigurations = (
				1D8F367F2B1C208F003B99E7 /* Debug */,
				1D8F36802B1C208F003B99E7 /* Release */,
			);
			defaultConfigurationIsVisible = 0;
			defaultConfigurationName = Release;
		};
		1D8F36812B1C208F003B99E7 /* Build configuration list for PBXNativeTarget "MyCamera5UITests" */ = {
			isa = XCConfigurationList;
			buildConfigurations = (
				1D8F36822B1C208F003B99E7 /* Debug */,
				1D8F36832B1C208F003B99E7 /* Release */,
			);
			defaultConfigurationIsVisible = 0;
			defaultConfigurationName = Release;
		};
/* End XCConfigurationList section */
	};
	rootObject = 1D8F364F2B1C208C003B99E7 /* Project object */;
}
